{
  "version": 4,
  "terraform_version": "0.13.0",
  "serial": 12,
  "lineage": "24d57a84-fd1d-4356-26bd-702b0c7e8717",
  "outputs": {},
  "resources": [
    {
      "mode": "data",
      "type": "nsxt_policy_edge_cluster",
      "name": "EC",
      "provider": "provider[\"registry.terraform.io/terraform-providers/nsxt\"]",
      "instances": [
        {
          "schema_version": 0,
          "attributes": {
            "description": "",
            "display_name": "Edge Cluster 1",
            "id": "d08a0553-815d-4458-b108-5f0b07c00591",
            "path": "/infra/sites/default/enforcement-points/default/edge-clusters/d08a0553-815d-4458-b108-5f0b07c00591",
            "site_path": null
          }
        }
      ]
    },
    {
      "mode": "data",
      "type": "nsxt_policy_lb_app_profile",
      "name": "tcp",
      "provider": "provider[\"registry.terraform.io/terraform-providers/nsxt\"]",
      "instances": [
        {
          "schema_version": 0,
          "attributes": {
            "description": "",
            "display_name": "default-tcp-lb-app-profile",
            "id": "default-tcp-lb-app-profile",
            "path": "/infra/lb-app-profiles/default-tcp-lb-app-profile",
            "type": "TCP"
          }
        }
      ]
    },
    {
      "mode": "data",
      "type": "nsxt_policy_service",
      "name": "dnsservice",
      "provider": "provider[\"registry.terraform.io/terraform-providers/nsxt\"]",
      "instances": [
        {
          "schema_version": 0,
          "attributes": {
            "description": "DNS",
            "display_name": "DNS",
            "id": "DNS",
            "path": "/infra/services/DNS"
          }
        }
      ]
    },
    {
      "mode": "data",
      "type": "nsxt_policy_service",
      "name": "httpservice",
      "provider": "provider[\"registry.terraform.io/terraform-providers/nsxt\"]",
      "instances": [
        {
          "schema_version": 0,
          "attributes": {
            "description": "HTTP",
            "display_name": "HTTP",
            "id": "HTTP",
            "path": "/infra/services/HTTP"
          }
        }
      ]
    },
    {
      "mode": "data",
      "type": "nsxt_policy_service",
      "name": "ntpservice",
      "provider": "provider[\"registry.terraform.io/terraform-providers/nsxt\"]",
      "instances": [
        {
          "schema_version": 0,
          "attributes": {
            "description": "NTP Time Server",
            "display_name": "NTP Time Server",
            "id": "NTP_Time_Server",
            "path": "/infra/services/NTP_Time_Server"
          }
        }
      ]
    },
    {
      "mode": "data",
      "type": "nsxt_policy_tier0_gateway",
      "name": "T0",
      "provider": "provider[\"registry.terraform.io/terraform-providers/nsxt\"]",
      "instances": [
        {
          "schema_version": 0,
          "attributes": {
            "description": "",
            "display_name": "T0",
            "edge_cluster_path": "/infra/sites/default/enforcement-points/default/edge-clusters/d08a0553-815d-4458-b108-5f0b07c00591",
            "id": "T0",
            "path": "/infra/tier-0s/T0"
          }
        }
      ]
    },
    {
      "mode": "data",
      "type": "nsxt_policy_transport_zone",
      "name": "overlay_tz",
      "provider": "provider[\"registry.terraform.io/terraform-providers/nsxt\"]",
      "instances": [
        {
          "schema_version": 0,
          "attributes": {
            "description": "",
            "display_name": "overlay",
            "id": "fe8a415f-01d2-4b67-9e18-55e4585d3348",
            "is_default": false,
            "path": "/infra/sites/default/enforcement-points/default/transport-zones/fe8a415f-01d2-4b67-9e18-55e4585d3348",
            "site_path": null,
            "transport_type": "OVERLAY_STANDARD"
          }
        }
      ]
    },
    {
      "mode": "managed",
      "type": "nsxt_policy_group",
      "name": "ADgroup",
      "provider": "provider[\"registry.terraform.io/terraform-providers/nsxt\"]",
      "instances": [
        {
          "schema_version": 0,
          "attributes": {
            "conjunction": [],
            "criteria": [
              {
                "condition": [],
                "ipaddress_expression": [
                  {
                    "ip_addresses": [
                      "10.99.1.109",
                      "10.99.1.203"
                    ]
                  }
                ],
                "macaddress_expression": [],
                "path_expression": []
              }
            ],
            "description": "AD Server Group",
            "display_name": "AD-tf",
            "domain": "default",
            "extended_criteria": [],
            "id": "f073009b-faa1-45f6-bc3c-5fe08272b469",
            "nsx_id": "f073009b-faa1-45f6-bc3c-5fe08272b469",
            "path": "/infra/domains/default/groups/f073009b-faa1-45f6-bc3c-5fe08272b469",
            "revision": 0,
            "tag": []
          },
          "private": "bnVsbA=="
        }
      ]
    },
    {
      "mode": "managed",
      "type": "nsxt_policy_group",
      "name": "DNSgroup",
      "provider": "provider[\"registry.terraform.io/terraform-providers/nsxt\"]",
      "instances": [
        {
          "schema_version": 0,
          "attributes": {
            "conjunction": [],
            "criteria": [
              {
                "condition": [],
                "ipaddress_expression": [
                  {
                    "ip_addresses": [
                      "10.99.1.1",
                      "10.99.1.203",
                      "8.8.8.8"
                    ]
                  }
                ],
                "macaddress_expression": [],
                "path_expression": []
              }
            ],
            "description": "DMS Servers Group",
            "display_name": "DNS-tf",
            "domain": "default",
            "extended_criteria": [],
            "id": "b3914dfa-0ab1-4517-82f5-08e18ce16285",
            "nsx_id": "b3914dfa-0ab1-4517-82f5-08e18ce16285",
            "path": "/infra/domains/default/groups/b3914dfa-0ab1-4517-82f5-08e18ce16285",
            "revision": 0,
            "tag": []
          },
          "private": "bnVsbA=="
        }
      ]
    },
    {
      "mode": "managed",
      "type": "nsxt_policy_group",
      "name": "Developmentgroup",
      "provider": "provider[\"registry.terraform.io/terraform-providers/nsxt\"]",
      "instances": [
        {
          "schema_version": 0,
          "attributes": {
            "conjunction": [],
            "criteria": [
              {
                "condition": [
                  {
                    "key": "Tag",
                    "member_type": "VirtualMachine",
                    "operator": "EQUALS",
                    "value": "development|"
                  }
                ],
                "ipaddress_expression": [],
                "macaddress_expression": [],
                "path_expression": []
              }
            ],
            "description": "Terraform provisioned Group",
            "display_name": "Development-tf",
            "domain": "default",
            "extended_criteria": [],
            "id": "450c127f-d327-45b4-85ce-a37992ee9178",
            "nsx_id": "450c127f-d327-45b4-85ce-a37992ee9178",
            "path": "/infra/domains/default/groups/450c127f-d327-45b4-85ce-a37992ee9178",
            "revision": 0,
            "tag": []
          },
          "private": "bnVsbA=="
        }
      ]
    },
    {
      "mode": "managed",
      "type": "nsxt_policy_group",
      "name": "NFSgroup",
      "provider": "provider[\"registry.terraform.io/terraform-providers/nsxt\"]",
      "instances": [
        {
          "schema_version": 0,
          "attributes": {
            "conjunction": [],
            "criteria": [
              {
                "condition": [],
                "ipaddress_expression": [
                  {
                    "ip_addresses": [
                      "10.99.1.203"
                    ]
                  }
                ],
                "macaddress_expression": [],
                "path_expression": []
              }
            ],
            "description": "NFS Server Group",
            "display_name": "NFS-tf",
            "domain": "default",
            "extended_criteria": [],
            "id": "4155c103-1e12-4fa7-85f8-dbd8e3356e63",
            "nsx_id": "4155c103-1e12-4fa7-85f8-dbd8e3356e63",
            "path": "/infra/domains/default/groups/4155c103-1e12-4fa7-85f8-dbd8e3356e63",
            "revision": 0,
            "tag": []
          },
          "private": "bnVsbA=="
        }
      ]
    },
    {
      "mode": "managed",
      "type": "nsxt_policy_group",
      "name": "NTPgroup",
      "provider": "provider[\"registry.terraform.io/terraform-providers/nsxt\"]",
      "instances": [
        {
          "schema_version": 0,
          "attributes": {
            "conjunction": [],
            "criteria": [
              {
                "condition": [],
                "ipaddress_expression": [
                  {
                    "ip_addresses": [
                      "10.99.1.203"
                    ]
                  }
                ],
                "macaddress_expression": [],
                "path_expression": []
              }
            ],
            "description": "DMS Servers Group",
            "display_name": "NTP-tf",
            "domain": "default",
            "extended_criteria": [],
            "id": "42d663d0-1cf8-40b4-8499-7bd8be886470",
            "nsx_id": "42d663d0-1cf8-40b4-8499-7bd8be886470",
            "path": "/infra/domains/default/groups/42d663d0-1cf8-40b4-8499-7bd8be886470",
            "revision": 0,
            "tag": []
          },
          "private": "bnVsbA=="
        }
      ]
    },
    {
      "mode": "managed",
      "type": "nsxt_policy_group",
      "name": "Productiongroup",
      "provider": "provider[\"registry.terraform.io/terraform-providers/nsxt\"]",
      "instances": [
        {
          "schema_version": 0,
          "attributes": {
            "conjunction": [],
            "criteria": [
              {
                "condition": [
                  {
                    "key": "Tag",
                    "member_type": "VirtualMachine",
                    "operator": "EQUALS",
                    "value": "production|"
                  }
                ],
                "ipaddress_expression": [],
                "macaddress_expression": [],
                "path_expression": []
              }
            ],
            "description": "Terraform provisioned Group",
            "display_name": "Production-tf",
            "domain": "default",
            "extended_criteria": [],
            "id": "79e24c99-5c2a-4825-9252-19b9d81f6f9b",
            "nsx_id": "79e24c99-5c2a-4825-9252-19b9d81f6f9b",
            "path": "/infra/domains/default/groups/79e24c99-5c2a-4825-9252-19b9d81f6f9b",
            "revision": 0,
            "tag": []
          },
          "private": "bnVsbA=="
        }
      ]
    },
    {
      "mode": "managed",
      "type": "nsxt_policy_group",
      "name": "QAgroup",
      "provider": "provider[\"registry.terraform.io/terraform-providers/nsxt\"]",
      "instances": [
        {
          "schema_version": 0,
          "attributes": {
            "conjunction": [],
            "criteria": [
              {
                "condition": [
                  {
                    "key": "Tag",
                    "member_type": "VirtualMachine",
                    "operator": "EQUALS",
                    "value": "QA|"
                  }
                ],
                "ipaddress_expression": [],
                "macaddress_expression": [],
                "path_expression": []
              }
            ],
            "description": "Terraform provisioned Group",
            "display_name": "QA-tf",
            "domain": "default",
            "extended_criteria": [],
            "id": "7dade4fb-524e-4e66-84ed-ac13afec5430",
            "nsx_id": "7dade4fb-524e-4e66-84ed-ac13afec5430",
            "path": "/infra/domains/default/groups/7dade4fb-524e-4e66-84ed-ac13afec5430",
            "revision": 0,
            "tag": []
          },
          "private": "bnVsbA=="
        }
      ]
    },
    {
      "mode": "managed",
      "type": "nsxt_policy_group",
      "name": "quarantinegroup",
      "provider": "provider[\"registry.terraform.io/terraform-providers/nsxt\"]",
      "instances": [
        {
          "schema_version": 0,
          "attributes": {
            "conjunction": [],
            "criteria": [
              {
                "condition": [
                  {
                    "key": "Tag",
                    "member_type": "VirtualMachine",
                    "operator": "EQUALS",
                    "value": "quarantine"
                  }
                ],
                "ipaddress_expression": [],
                "macaddress_expression": [],
                "path_expression": []
              }
            ],
            "description": "All VMs that need to be blocked from the network.",
            "display_name": "Quarantine-tf",
            "domain": "default",
            "extended_criteria": [],
            "id": "73ccb8ed-f873-4a5d-afc1-ed24cfb848cb",
            "nsx_id": "73ccb8ed-f873-4a5d-afc1-ed24cfb848cb",
            "path": "/infra/domains/default/groups/73ccb8ed-f873-4a5d-afc1-ed24cfb848cb",
            "revision": 0,
            "tag": []
          },
          "private": "bnVsbA=="
        }
      ]
    },
    {
      "mode": "managed",
      "type": "nsxt_policy_security_policy",
      "name": "Dev-Prod-QA-SP",
      "provider": "provider[\"registry.terraform.io/terraform-providers/nsxt\"]",
      "instances": [
        {
          "schema_version": 0,
          "attributes": {
            "category": "Environment",
            "comments": "",
            "description": "Terraform provisioned Security Policy",
            "display_name": "Dev to QA to Prod tf SP",
            "domain": "default",
            "id": "fbd753bf-db5c-48c4-8f85-022b5c6b7a43",
            "locked": false,
            "nsx_id": "fbd753bf-db5c-48c4-8f85-022b5c6b7a43",
            "path": "/infra/domains/default/security-policies/fbd753bf-db5c-48c4-8f85-022b5c6b7a43",
            "revision": 0,
            "rule": [
              {
                "action": "DROP",
                "description": "",
                "destination_groups": [
                  "/infra/domains/default/groups/450c127f-d327-45b4-85ce-a37992ee9178",
                  "/infra/domains/default/groups/7dade4fb-524e-4e66-84ed-ac13afec5430"
                ],
                "destinations_excluded": false,
                "direction": "IN_OUT",
                "disabled": false,
                "display_name": "Prod to DEV and QA",
                "ip_version": "IPV4_IPV6",
                "log_label": "",
                "logged": false,
                "notes": "",
                "profiles": null,
                "revision": 0,
                "rule_id": 0,
                "scope": null,
                "sequence_number": 0,
                "services": null,
                "source_groups": [
                  "/infra/domains/default/groups/79e24c99-5c2a-4825-9252-19b9d81f6f9b"
                ],
                "sources_excluded": false,
                "tag": []
              },
              {
                "action": "DROP",
                "description": "",
                "destination_groups": [
                  "/infra/domains/default/groups/79e24c99-5c2a-4825-9252-19b9d81f6f9b",
                  "/infra/domains/default/groups/7dade4fb-524e-4e66-84ed-ac13afec5430"
                ],
                "destinations_excluded": false,
                "direction": "IN_OUT",
                "disabled": false,
                "display_name": "DEV to prod and QA",
                "ip_version": "IPV4_IPV6",
                "log_label": "",
                "logged": false,
                "notes": "",
                "profiles": null,
                "revision": 0,
                "rule_id": 0,
                "scope": null,
                "sequence_number": 1,
                "services": null,
                "source_groups": [
                  "/infra/domains/default/groups/450c127f-d327-45b4-85ce-a37992ee9178"
                ],
                "sources_excluded": false,
                "tag": []
              },
              {
                "action": "DROP",
                "description": "",
                "destination_groups": [
                  "/infra/domains/default/groups/450c127f-d327-45b4-85ce-a37992ee9178",
                  "/infra/domains/default/groups/79e24c99-5c2a-4825-9252-19b9d81f6f9b"
                ],
                "destinations_excluded": false,
                "direction": "IN_OUT",
                "disabled": false,
                "display_name": "QA to DEV and prod",
                "ip_version": "IPV4_IPV6",
                "log_label": "",
                "logged": false,
                "notes": "",
                "profiles": null,
                "revision": 0,
                "rule_id": 0,
                "scope": null,
                "sequence_number": 2,
                "services": null,
                "source_groups": [
                  "/infra/domains/default/groups/7dade4fb-524e-4e66-84ed-ac13afec5430"
                ],
                "sources_excluded": false,
                "tag": []
              }
            ],
            "scope": null,
            "sequence_number": 0,
            "stateful": true,
            "tag": [],
            "tcp_strict": false
          },
          "private": "bnVsbA==",
          "dependencies": [
            "nsxt_policy_group.Developmentgroup",
            "nsxt_policy_group.Productiongroup",
            "nsxt_policy_group.QAgroup"
          ]
        }
      ]
    },
    {
      "mode": "managed",
      "type": "nsxt_policy_security_policy",
      "name": "QuarantineSP",
      "provider": "provider[\"registry.terraform.io/terraform-providers/nsxt\"]",
      "instances": [
        {
          "schema_version": 0,
          "attributes": {
            "category": "Emergency",
            "comments": "",
            "description": "Terraform provisioned Security Policy",
            "display_name": "Quarantine tf SP",
            "domain": "default",
            "id": "2275b62c-aa3b-43ba-84b5-edbf0f4451a0",
            "locked": false,
            "nsx_id": "2275b62c-aa3b-43ba-84b5-edbf0f4451a0",
            "path": "/infra/domains/default/security-policies/2275b62c-aa3b-43ba-84b5-edbf0f4451a0",
            "revision": 0,
            "rule": [
              {
                "action": "DROP",
                "description": "",
                "destination_groups": [
                  "/infra/domains/default/groups/73ccb8ed-f873-4a5d-afc1-ed24cfb848cb"
                ],
                "destinations_excluded": false,
                "direction": "IN_OUT",
                "disabled": false,
                "display_name": "To Quarantine",
                "ip_version": "IPV4_IPV6",
                "log_label": "",
                "logged": true,
                "notes": "",
                "profiles": null,
                "revision": 0,
                "rule_id": 0,
                "scope": null,
                "sequence_number": 0,
                "services": null,
                "source_groups": null,
                "sources_excluded": false,
                "tag": []
              },
              {
                "action": "DROP",
                "description": "",
                "destination_groups": null,
                "destinations_excluded": false,
                "direction": "IN_OUT",
                "disabled": false,
                "display_name": "from Quarantine",
                "ip_version": "IPV4_IPV6",
                "log_label": "",
                "logged": true,
                "notes": "",
                "profiles": null,
                "revision": 0,
                "rule_id": 0,
                "scope": null,
                "sequence_number": 1,
                "services": null,
                "source_groups": [
                  "/infra/domains/default/groups/73ccb8ed-f873-4a5d-afc1-ed24cfb848cb"
                ],
                "sources_excluded": false,
                "tag": []
              }
            ],
            "scope": null,
            "sequence_number": 0,
            "stateful": true,
            "tag": [],
            "tcp_strict": false
          },
          "private": "bnVsbA==",
          "dependencies": [
            "nsxt_policy_group.quarantinegroup"
          ]
        }
      ]
    },
    {
      "mode": "managed",
      "type": "nsxt_policy_security_policy",
      "name": "Shared-Services-SP",
      "provider": "provider[\"registry.terraform.io/terraform-providers/nsxt\"]",
      "instances": [
        {
          "schema_version": 0,
          "attributes": {
            "category": "Infrastructure",
            "comments": "",
            "description": "Terraform provisioned Security Policy",
            "display_name": "Shared Services tf SP",
            "domain": "default",
            "id": "228b8eca-ccbe-46b8-9a16-ab81f849f344",
            "locked": false,
            "nsx_id": "228b8eca-ccbe-46b8-9a16-ab81f849f344",
            "path": "/infra/domains/default/security-policies/228b8eca-ccbe-46b8-9a16-ab81f849f344",
            "revision": 0,
            "rule": [
              {
                "action": "ALLOW",
                "description": "",
                "destination_groups": [
                  "/infra/domains/default/groups/42d663d0-1cf8-40b4-8499-7bd8be886470"
                ],
                "destinations_excluded": false,
                "direction": "IN_OUT",
                "disabled": false,
                "display_name": "NTPrule",
                "ip_version": "IPV4_IPV6",
                "log_label": "",
                "logged": false,
                "notes": "",
                "profiles": null,
                "revision": 0,
                "rule_id": 0,
                "scope": null,
                "sequence_number": 0,
                "services": [
                  "/infra/services/NTP_Time_Server"
                ],
                "source_groups": null,
                "sources_excluded": false,
                "tag": []
              },
              {
                "action": "ALLOW",
                "description": "",
                "destination_groups": null,
                "destinations_excluded": false,
                "direction": "IN_OUT",
                "disabled": false,
                "display_name": "DNSrule",
                "ip_version": "IPV4_IPV6",
                "log_label": "",
                "logged": false,
                "notes": "",
                "profiles": null,
                "revision": 0,
                "rule_id": 0,
                "scope": null,
                "sequence_number": 1,
                "services": [
                  "/infra/services/DNS"
                ],
                "source_groups": [
                  "/infra/domains/default/groups/b3914dfa-0ab1-4517-82f5-08e18ce16285"
                ],
                "sources_excluded": false,
                "tag": []
              },
              {
                "action": "ALLOW",
                "description": "",
                "destination_groups": null,
                "destinations_excluded": false,
                "direction": "IN_OUT",
                "disabled": false,
                "display_name": "NFSrule",
                "ip_version": "IPV4_IPV6",
                "log_label": "",
                "logged": false,
                "notes": "",
                "profiles": null,
                "revision": 0,
                "rule_id": 0,
                "scope": null,
                "sequence_number": 2,
                "services": null,
                "source_groups": [
                  "/infra/domains/default/groups/4155c103-1e12-4fa7-85f8-dbd8e3356e63"
                ],
                "sources_excluded": false,
                "tag": []
              },
              {
                "action": "ALLOW",
                "description": "",
                "destination_groups": null,
                "destinations_excluded": false,
                "direction": "IN_OUT",
                "disabled": false,
                "display_name": "ADrule",
                "ip_version": "IPV4_IPV6",
                "log_label": "",
                "logged": false,
                "notes": "",
                "profiles": null,
                "revision": 0,
                "rule_id": 0,
                "scope": null,
                "sequence_number": 3,
                "services": null,
                "source_groups": [
                  "/infra/domains/default/groups/f073009b-faa1-45f6-bc3c-5fe08272b469"
                ],
                "sources_excluded": false,
                "tag": []
              }
            ],
            "scope": null,
            "sequence_number": 0,
            "stateful": true,
            "tag": [],
            "tcp_strict": false
          },
          "private": "bnVsbA==",
          "dependencies": [
            "data.nsxt_policy_service.dnsservice",
            "data.nsxt_policy_service.ntpservice",
            "nsxt_policy_group.ADgroup",
            "nsxt_policy_group.DNSgroup",
            "nsxt_policy_group.NFSgroup",
            "nsxt_policy_group.NTPgroup"
          ]
        }
      ]
    }
  ]
}
