{
  "version": 4,
  "terraform_version": "0.13.0",
  "serial": 5,
  "lineage": "b7623ebb-4449-d3e5-b3ab-3511a102cae4",
  "outputs": {},
  "resources": [
    {
      "mode": "data",
      "type": "nsxt_policy_edge_cluster",
      "name": "EC3",
      "provider": "provider[\"registry.terraform.io/terraform-providers/nsxt\"]",
      "instances": [
        {
          "schema_version": 0,
          "attributes": {
            "description": "",
            "display_name": "Edge Cluster 3",
            "id": "0426c386-0be3-4b83-b272-964e4e25088f",
            "path": "/infra/sites/default/enforcement-points/default/edge-clusters/0426c386-0be3-4b83-b272-964e4e25088f",
            "site_path": null
          }
        }
      ]
    },
    {
      "mode": "data",
      "type": "nsxt_policy_edge_node",
      "name": "edge5",
      "provider": "provider[\"registry.terraform.io/terraform-providers/nsxt\"]",
      "instances": [
        {
          "schema_version": 0,
          "attributes": {
            "description": "",
            "display_name": "edge5",
            "edge_cluster_path": "/infra/sites/default/enforcement-points/default/edge-clusters/0426c386-0be3-4b83-b272-964e4e25088f",
            "id": "0d693f37-29f2-4825-887e-528057109a5f",
            "member_index": null,
            "path": "/infra/sites/default/enforcement-points/default/edge-clusters/0426c386-0be3-4b83-b272-964e4e25088f/edge-nodes/0d693f37-29f2-4825-887e-528057109a5f"
          }
        }
      ]
    },
    {
      "mode": "data",
      "type": "nsxt_policy_edge_node",
      "name": "edge6",
      "provider": "provider[\"registry.terraform.io/terraform-providers/nsxt\"]",
      "instances": [
        {
          "schema_version": 0,
          "attributes": {
            "description": "",
            "display_name": "edge6",
            "edge_cluster_path": "/infra/sites/default/enforcement-points/default/edge-clusters/0426c386-0be3-4b83-b272-964e4e25088f",
            "id": "36b62cd1-97ad-4b5f-a0a1-e18da156b547",
            "member_index": null,
            "path": "/infra/sites/default/enforcement-points/default/edge-clusters/0426c386-0be3-4b83-b272-964e4e25088f/edge-nodes/36b62cd1-97ad-4b5f-a0a1-e18da156b547"
          }
        }
      ]
    },
    {
      "mode": "data",
      "type": "nsxt_policy_transport_zone",
      "name": "vlantz",
      "provider": "provider[\"registry.terraform.io/terraform-providers/nsxt\"]",
      "instances": [
        {
          "schema_version": 0,
          "attributes": {
            "description": "",
            "display_name": "EDGE VLAN",
            "id": "f3a645f4-e298-4fd6-aa02-4e635478e111",
            "is_default": false,
            "path": "/infra/sites/default/enforcement-points/default/transport-zones/f3a645f4-e298-4fd6-aa02-4e635478e111",
            "site_path": null,
            "transport_type": "VLAN_BACKED"
          }
        }
      ]
    },
    {
      "mode": "managed",
      "type": "nsxt_policy_tier0_gateway",
      "name": "t0_gw",
      "provider": "provider[\"registry.terraform.io/terraform-providers/nsxt\"]",
      "instances": [
        {
          "schema_version": 0,
          "attributes": {
            "bgp_config": [
              {
                "ecmp": true,
                "enabled": true,
                "graceful_restart_mode": "HELPER_ONLY",
                "graceful_restart_stale_route_timer": 600,
                "graceful_restart_timer": 180,
                "inter_sr_ibgp": true,
                "local_as_num": "60000",
                "multipath_relax": true,
                "path": "/infra/tier-0s/f4c2a5ba-fe42-47b7-9b35-a279b07e2ed2/locale-services/default/bgp",
                "revision": 1,
                "route_aggregation": [],
                "tag": []
              }
            ],
            "default_rule_logging": false,
            "description": "Tier-0 provisioned by Terraform",
            "dhcp_config_path": null,
            "display_name": "T0-3",
            "edge_cluster_path": "/infra/sites/default/enforcement-points/default/edge-clusters/0426c386-0be3-4b83-b272-964e4e25088f",
            "enable_firewall": true,
            "failover_mode": "PREEMPTIVE",
            "force_whitelisting": false,
            "ha_mode": "ACTIVE_ACTIVE",
            "id": "f4c2a5ba-fe42-47b7-9b35-a279b07e2ed2",
            "internal_transit_subnets": [
              "169.254.0.0/24"
            ],
            "intersite_config": null,
            "ipv6_dad_profile_path": "/infra/ipv6-dad-profiles/default",
            "ipv6_ndra_profile_path": "/infra/ipv6-ndra-profiles/default",
            "locale_service": [],
            "nsx_id": "f4c2a5ba-fe42-47b7-9b35-a279b07e2ed2",
            "path": "/infra/tier-0s/f4c2a5ba-fe42-47b7-9b35-a279b07e2ed2",
            "redistribution_config": [
              {
                "enabled": true,
                "rule": [
                  {
                    "name": "rule1",
                    "route_map_path": "",
                    "types": [
                      "TIER0_CONNECTED",
                      "TIER0_STATIC",
                      "TIER1_CONNECTED"
                    ]
                  }
                ]
              }
            ],
            "revision": 0,
            "tag": [
              {
                "scope": "color",
                "tag": "blue"
              }
            ],
            "transit_subnets": [
              "100.64.0.0/16"
            ],
            "vrf_config": []
          },
          "private": "bnVsbA==",
          "dependencies": [
            "data.nsxt_policy_edge_cluster.EC3"
          ]
        }
      ]
    },
    {
      "mode": "managed",
      "type": "nsxt_policy_tier0_gateway_interface",
      "name": "if1",
      "provider": "provider[\"registry.terraform.io/terraform-providers/nsxt\"]",
      "instances": [
        {
          "schema_version": 0,
          "attributes": {
            "access_vlan_id": null,
            "description": "connection to segment4000",
            "display_name": "segment4000_interface",
            "edge_node_path": "/infra/sites/default/enforcement-points/default/edge-clusters/0426c386-0be3-4b83-b272-964e4e25088f/edge-nodes/0d693f37-29f2-4825-887e-528057109a5f",
            "enable_pim": false,
            "gateway_path": "/infra/tier-0s/f4c2a5ba-fe42-47b7-9b35-a279b07e2ed2",
            "id": "735e662d-e4f1-4d9e-9b15-d6f37bce927b",
            "ip_addresses": [
              "12.12.2.13"
            ],
            "ipv6_ndra_profile_path": null,
            "locale_service_id": "default",
            "mtu": 1500,
            "nsx_id": "735e662d-e4f1-4d9e-9b15-d6f37bce927b",
            "path": "/infra/tier-0s/f4c2a5ba-fe42-47b7-9b35-a279b07e2ed2/locale-services/default/interfaces/735e662d-e4f1-4d9e-9b15-d6f37bce927b",
            "revision": 0,
            "segment_path": "/infra/segments/c98547b8-ce9a-4acf-bb4e-80af217f1c25",
            "site_path": null,
            "subnets": [
              "12.12.2.13/24"
            ],
            "tag": [],
            "type": "SERVICE",
            "urpf_mode": "STRICT"
          },
          "private": "bnVsbA==",
          "dependencies": [
            "data.nsxt_policy_edge_cluster.EC3",
            "data.nsxt_policy_edge_node.edge5",
            "data.nsxt_policy_transport_zone.vlantz",
            "nsxt_policy_tier0_gateway.t0_gw",
            "nsxt_policy_vlan_segment.switch1"
          ]
        }
      ]
    },
    {
      "mode": "managed",
      "type": "nsxt_policy_tier0_gateway_interface",
      "name": "if2",
      "provider": "provider[\"registry.terraform.io/terraform-providers/nsxt\"]",
      "instances": [
        {
          "schema_version": 0,
          "attributes": {
            "access_vlan_id": null,
            "description": "connection to segment4001",
            "display_name": "segment4001_interface",
            "edge_node_path": "/infra/sites/default/enforcement-points/default/edge-clusters/0426c386-0be3-4b83-b272-964e4e25088f/edge-nodes/36b62cd1-97ad-4b5f-a0a1-e18da156b547",
            "enable_pim": false,
            "gateway_path": "/infra/tier-0s/f4c2a5ba-fe42-47b7-9b35-a279b07e2ed2",
            "id": "59a1e689-b750-41ae-b450-80cf10912948",
            "ip_addresses": [
              "12.12.3.13"
            ],
            "ipv6_ndra_profile_path": null,
            "locale_service_id": "default",
            "mtu": 1500,
            "nsx_id": "59a1e689-b750-41ae-b450-80cf10912948",
            "path": "/infra/tier-0s/f4c2a5ba-fe42-47b7-9b35-a279b07e2ed2/locale-services/default/interfaces/59a1e689-b750-41ae-b450-80cf10912948",
            "revision": 0,
            "segment_path": "/infra/segments/1a0555e7-0fb5-4276-8279-07fe31204090",
            "site_path": null,
            "subnets": [
              "12.12.3.13/24"
            ],
            "tag": [],
            "type": "SERVICE",
            "urpf_mode": "STRICT"
          },
          "private": "bnVsbA==",
          "dependencies": [
            "data.nsxt_policy_edge_cluster.EC3",
            "data.nsxt_policy_edge_node.edge6",
            "data.nsxt_policy_transport_zone.vlantz",
            "nsxt_policy_tier0_gateway.t0_gw",
            "nsxt_policy_vlan_segment.switch2"
          ]
        }
      ]
    },
    {
      "mode": "managed",
      "type": "nsxt_policy_vlan_segment",
      "name": "switch1",
      "provider": "provider[\"registry.terraform.io/terraform-providers/nsxt\"]",
      "instances": [
        {
          "schema_version": 0,
          "attributes": {
            "advanced_config": [],
            "description": "",
            "dhcp_config_path": "",
            "discovery_profile": [],
            "display_name": "VLAN4000",
            "domain_name": "",
            "id": "c98547b8-ce9a-4acf-bb4e-80af217f1c25",
            "l2_extension": [],
            "nsx_id": "c98547b8-ce9a-4acf-bb4e-80af217f1c25",
            "path": "/infra/segments/c98547b8-ce9a-4acf-bb4e-80af217f1c25",
            "qos_profile": [],
            "revision": 0,
            "security_profile": [],
            "subnet": [],
            "tag": [],
            "transport_zone_path": "/infra/sites/default/enforcement-points/default/transport-zones/f3a645f4-e298-4fd6-aa02-4e635478e111",
            "vlan_ids": [
              "4000"
            ]
          },
          "private": "bnVsbA==",
          "dependencies": [
            "data.nsxt_policy_transport_zone.vlantz"
          ]
        }
      ]
    },
    {
      "mode": "managed",
      "type": "nsxt_policy_vlan_segment",
      "name": "switch2",
      "provider": "provider[\"registry.terraform.io/terraform-providers/nsxt\"]",
      "instances": [
        {
          "schema_version": 0,
          "attributes": {
            "advanced_config": [],
            "description": "",
            "dhcp_config_path": "",
            "discovery_profile": [],
            "display_name": "VLAN4001",
            "domain_name": "",
            "id": "1a0555e7-0fb5-4276-8279-07fe31204090",
            "l2_extension": [],
            "nsx_id": "1a0555e7-0fb5-4276-8279-07fe31204090",
            "path": "/infra/segments/1a0555e7-0fb5-4276-8279-07fe31204090",
            "qos_profile": [],
            "revision": 0,
            "security_profile": [],
            "subnet": [],
            "tag": [],
            "transport_zone_path": "/infra/sites/default/enforcement-points/default/transport-zones/f3a645f4-e298-4fd6-aa02-4e635478e111",
            "vlan_ids": [
              "4001"
            ]
          },
          "private": "bnVsbA==",
          "dependencies": [
            "data.nsxt_policy_transport_zone.vlantz"
          ]
        }
      ]
    }
  ]
}
